
Microsoft Visual Studio Solution File, Format Version 12.00
# Visual Studio Version 17
VisualStudioVersion = 17.8.34330.188
MinimumVisualStudioVersion = 10.0.40219.1
Project("{FAE04EC0-301F-11D3-BF4B-00C04F79EFBC}") = "AppApi", "AppApi\AppApi.csproj", "{EF3C0C59-5E1C-445C-9135-C074B8FF8313}"
EndProject
Global
	GlobalSection(SolutionConfigurationPlatforms) = preSolution
		Debug|Any CPU = Debug|Any CPU
		Release|Any CPU = Release|Any CPU
	EndGlobalSection
	GlobalSection(ProjectConfigurationPlatforms) = postSolution
		{EF3C0C59-5E1C-445C-9135-C074B8FF8313}.Debug|Any CPU.ActiveCfg = Debug|Any CPU
		{EF3C0C59-5E1C-445C-9135-C074B8FF8313}.Debug|Any CPU.Build.0 = Debug|Any CPU
		{EF3C0C59-5E1C-445C-9135-C074B8FF8313}.Release|Any CPU.ActiveCfg = Release|Any CPU
		{EF3C0C59-5E1C-445C-9135-C074B8FF8313}.Release|Any CPU.Build.0 = Release|Any CPU
	EndGlobalSection
	GlobalSection(SolutionProperties) = preSolution
		HideSolutionNode = FALSE
	EndGlobalSection
	GlobalSection(ExtensibilityGlobals) = postSolution
		SolutionGuid = {13EDD9FA-D755-4FE2-9EB7-646D6C0AC387}
	EndGlobalSection
EndGlobal
